
Microsoft Visual Studio Solution File, Format Version 12.00
# Visual Studio Version 17
VisualStudioVersion = 17.0.32112.339
MinimumVisualStudioVersion = 10.0.40219.1
Project("{9A19103F-16F7-4668-BE54-9A1E7A4F7556}") = "Equazione2GradoConsoleApp", "Equazione2GradoTDD\Equazione2GradoConsoleApp.csproj", "{C15B3215-1E1C-49E3-B741-A0E70B81406A}"
EndProject
Project("{9A19103F-16F7-4668-BE54-9A1E7A4F7556}") = "Equazione2Grado_Core", "Equazione_Core\Equazione2Grado_Core.csproj", "{65A4315F-F344-4A8C-A055-BEC2B940603F}"
EndProject
Project("{9A19103F-16F7-4668-BE54-9A1E7A4F7556}") = "Equazione2Grado.Test", "Equazione2Grado.Test\Equazione2Grado.Test.csproj", "{7EC2F7F0-3CEF-461D-9C3B-08829F5CCA37}"
EndProject
Project("{FAE04EC0-301F-11D3-BF4B-00C04F79EFBC}") = "WinFormsEquazione2Grado", "WinFormsEquazione2Grado\WinFormsEquazione2Grado.csproj", "{14746CB6-2AE7-40FC-BAB8-D97CEE91489B}"
EndProject
Project("{FAE04EC0-301F-11D3-BF4B-00C04F79EFBC}") = "Equazione2Grado_WPF", "Equazione2Grado_WPF\Equazione2Grado_WPF.csproj", "{F3C3A637-19BB-4BDC-8641-6BA93316BF50}"
EndProject
Global
	GlobalSection(SolutionConfigurationPlatforms) = preSolution
		Debug|Any CPU = Debug|Any CPU
		Release|Any CPU = Release|Any CPU
	EndGlobalSection
	GlobalSection(ProjectConfigurationPlatforms) = postSolution
		{C15B3215-1E1C-49E3-B741-A0E70B81406A}.Debug|Any CPU.ActiveCfg = Debug|Any CPU
		{C15B3215-1E1C-49E3-B741-A0E70B81406A}.Debug|Any CPU.Build.0 = Debug|Any CPU
		{C15B3215-1E1C-49E3-B741-A0E70B81406A}.Release|Any CPU.ActiveCfg = Release|Any CPU
		{C15B3215-1E1C-49E3-B741-A0E70B81406A}.Release|Any CPU.Build.0 = Release|Any CPU
		{65A4315F-F344-4A8C-A055-BEC2B940603F}.Debug|Any CPU.ActiveCfg = Debug|Any CPU
		{65A4315F-F344-4A8C-A055-BEC2B940603F}.Debug|Any CPU.Build.0 = Debug|Any CPU
		{65A4315F-F344-4A8C-A055-BEC2B940603F}.Release|Any CPU.ActiveCfg = Release|Any CPU
		{65A4315F-F344-4A8C-A055-BEC2B940603F}.Release|Any CPU.Build.0 = Release|Any CPU
		{7EC2F7F0-3CEF-461D-9C3B-08829F5CCA37}.Debug|Any CPU.ActiveCfg = Debug|Any CPU
		{7EC2F7F0-3CEF-461D-9C3B-08829F5CCA37}.Debug|Any CPU.Build.0 = Debug|Any CPU
		{7EC2F7F0-3CEF-461D-9C3B-08829F5CCA37}.Release|Any CPU.ActiveCfg = Release|Any CPU
		{7EC2F7F0-3CEF-461D-9C3B-08829F5CCA37}.Release|Any CPU.Build.0 = Release|Any CPU
		{14746CB6-2AE7-40FC-BAB8-D97CEE91489B}.Debug|Any CPU.ActiveCfg = Debug|Any CPU
		{14746CB6-2AE7-40FC-BAB8-D97CEE91489B}.Debug|Any CPU.Build.0 = Debug|Any CPU
		{14746CB6-2AE7-40FC-BAB8-D97CEE91489B}.Release|Any CPU.ActiveCfg = Release|Any CPU
		{14746CB6-2AE7-40FC-BAB8-D97CEE91489B}.Release|Any CPU.Build.0 = Release|Any CPU
		{F3C3A637-19BB-4BDC-8641-6BA93316BF50}.Debug|Any CPU.ActiveCfg = Debug|Any CPU
		{F3C3A637-19BB-4BDC-8641-6BA93316BF50}.Debug|Any CPU.Build.0 = Debug|Any CPU
		{F3C3A637-19BB-4BDC-8641-6BA93316BF50}.Release|Any CPU.ActiveCfg = Release|Any CPU
		{F3C3A637-19BB-4BDC-8641-6BA93316BF50}.Release|Any CPU.Build.0 = Release|Any CPU
	EndGlobalSection
	GlobalSection(SolutionProperties) = preSolution
		HideSolutionNode = FALSE
	EndGlobalSection
	GlobalSection(ExtensibilityGlobals) = postSolution
		SolutionGuid = {2BFAB870-ED7E-4502-B19D-AF23F7A48608}
	EndGlobalSection
EndGlobal
